// !$*UTF8*$!
{
	archiveVersion = 1;
	classes = {
	};
	objectVersion = 46;
	objects = {

/* Begin PBXBuildFile section */
		CD3F930520E86FE600453DD1 /* main.m in Sources */ = {isa = PBXBuildFile; fileRef = CD3F930420E86FE600453DD1 /* main.m */; };
		CD3F930820E86FE600453DD1 /* AppDelegate.m in Sources */ = {isa = PBXBuildFile; fileRef = CD3F930720E86FE600453DD1 /* AppDelegate.m */; };
		CD3F930B20E86FE600453DD1 /* ViewController.m in Sources */ = {isa = PBXBuildFile; fileRef = CD3F930A20E86FE600453DD1 /* ViewController.m */; };
		CD3F930E20E86FE600453DD1 /* Main.storyboard in Resources */ = {isa = PBXBuildFile; fileRef = CD3F930C20E86FE600453DD1 /* Main.storyboard */; };
		CD3F931120E86FE600453DD1 /* testautolay.xcdatamodeld in Sources */ = {isa = PBXBuildFile; fileRef = CD3F930F20E86FE600453DD1 /* testautolay.xcdatamodeld */; };
		CD3F931320E86FE600453DD1 /* Assets.xcassets in Resources */ = {isa = PBXBuildFile; fileRef = CD3F931220E86FE600453DD1 /* Assets.xcassets */; };
		CD3F931620E86FE600453DD1 /* LaunchScreen.storyboard in Resources */ = {isa = PBXBuildFile; fileRef = CD3F931420E86FE600453DD1 /* LaunchScreen.storyboard */; };
		CD3F933820E86FF500453DD1 /* Info.plist in Resources */ = {isa = PBXBuildFile; fileRef = CD3F931E20E86FF500453DD1 /* Info.plist */; };
		CD3F933920E86FF500453DD1 /* MASCompositeConstraint.m in Sources */ = {isa = PBXBuildFile; fileRef = CD3F932020E86FF500453DD1 /* MASCompositeConstraint.m */; };
		CD3F933A20E86FF500453DD1 /* MASConstraint.m in Sources */ = {isa = PBXBuildFile; fileRef = CD3F932320E86FF500453DD1 /* MASConstraint.m */; };
		CD3F933B20E86FF500453DD1 /* MASConstraintMaker.m in Sources */ = {isa = PBXBuildFile; fileRef = CD3F932520E86FF500453DD1 /* MASConstraintMaker.m */; };
		CD3F933C20E86FF500453DD1 /* MASLayoutConstraint.m in Sources */ = {isa = PBXBuildFile; fileRef = CD3F932720E86FF500453DD1 /* MASLayoutConstraint.m */; };
		CD3F933D20E86FF500453DD1 /* MASViewAttribute.m in Sources */ = {isa = PBXBuildFile; fileRef = CD3F932B20E86FF500453DD1 /* MASViewAttribute.m */; };
		CD3F933E20E86FF500453DD1 /* MASViewConstraint.m in Sources */ = {isa = PBXBuildFile; fileRef = CD3F932D20E86FF500453DD1 /* MASViewConstraint.m */; };
		CD3F933F20E86FF500453DD1 /* NSArray+MASAdditions.m in Sources */ = {isa = PBXBuildFile; fileRef = CD3F932F20E86FF500453DD1 /* NSArray+MASAdditions.m */; };
		CD3F934020E86FF500453DD1 /* NSLayoutConstraint+MASDebugAdditions.m in Sources */ = {isa = PBXBuildFile; fileRef = CD3F933220E86FF500453DD1 /* NSLayoutConstraint+MASDebugAdditions.m */; };
		CD3F934120E86FF500453DD1 /* View+MASAdditions.m in Sources */ = {isa = PBXBuildFile; fileRef = CD3F933420E86FF500453DD1 /* View+MASAdditions.m */; };
		CD3F934220E86FF500453DD1 /* ViewController+MASAdditions.m in Sources */ = {isa = PBXBuildFile; fileRef = CD3F933720E86FF500453DD1 /* ViewController+MASAdditions.m */; };
		CD3F934520E8742E00453DD1 /* myAutolayView.m in Sources */ = {isa = PBXBuildFile; fileRef = CD3F934420E8742E00453DD1 /* myAutolayView.m */; };
		CD3F934820E8B26000453DD1 /* tt.m in Sources */ = {isa = PBXBuildFile; fileRef = CD3F934720E8B26000453DD1 /* tt.m */; };
/* End PBXBuildFile section */

/* Begin PBXFileReference section */
		CD3F930020E86FE600453DD1 /* testautolay.app */ = {isa = PBXFileReference; explicitFileType = wrapper.application; includeInIndex = 0; path = testautolay.app; sourceTree = BUILT_PRODUCTS_DIR; };
		CD3F930420E86FE600453DD1 /* main.m */ = {isa = PBXFileReference; lastKnownFileType = sourcecode.c.objc; path = main.m; sourceTree = "<group>"; };
		CD3F930620E86FE600453DD1 /* AppDelegate.h */ = {isa = PBXFileReference; lastKnownFileType = sourcecode.c.h; path = AppDelegate.h; sourceTree = "<group>"; };
		CD3F930720E86FE600453DD1 /* AppDelegate.m */ = {isa = PBXFileReference; lastKnownFileType = sourcecode.c.objc; path = AppDelegate.m; sourceTree = "<group>"; };
		CD3F930920E86FE600453DD1 /* ViewController.h */ = {isa = PBXFileReference; lastKnownFileType = sourcecode.c.h; path = ViewController.h; sourceTree = "<group>"; };
		CD3F930A20E86FE600453DD1 /* ViewController.m */ = {isa = PBXFileReference; lastKnownFileType = sourcecode.c.objc; path = ViewController.m; sourceTree = "<group>"; };
		CD3F930D20E86FE600453DD1 /* Base */ = {isa = PBXFileReference; lastKnownFileType = file.storyboard; name = Base; path = Base.lproj/Main.storyboard; sourceTree = "<group>"; };
		CD3F931020E86FE600453DD1 /* testautolay.xcdatamodel */ = {isa = PBXFileReference; lastKnownFileType = wrapper.xcdatamodel; path = testautolay.xcdatamodel; sourceTree = "<group>"; };
		CD3F931220E86FE600453DD1 /* Assets.xcassets */ = {isa = PBXFileReference; lastKnownFileType = folder.assetcatalog; path = Assets.xcassets; sourceTree = "<group>"; };
		CD3F931520E86FE600453DD1 /* Base */ = {isa = PBXFileReference; lastKnownFileType = file.storyboard; name = Base; path = Base.lproj/LaunchScreen.storyboard; sourceTree = "<group>"; };
		CD3F931720E86FE600453DD1 /* Info.plist */ = {isa = PBXFileReference; lastKnownFileType = text.plist.xml; path = Info.plist; sourceTree = "<group>"; };
		CD3F931E20E86FF500453DD1 /* Info.plist */ = {isa = PBXFileReference; fileEncoding = 4; lastKnownFileType = text.plist.xml; path = Info.plist; sourceTree = "<group>"; };
		CD3F931F20E86FF500453DD1 /* MASCompositeConstraint.h */ = {isa = PBXFileReference; fileEncoding = 4; lastKnownFileType = sourcecode.c.h; path = MASCompositeConstraint.h; sourceTree = "<group>"; };
		CD3F932020E86FF500453DD1 /* MASCompositeConstraint.m */ = {isa = PBXFileReference; fileEncoding = 4; lastKnownFileType = sourcecode.c.objc; path = MASCompositeConstraint.m; sourceTree = "<group>"; };
		CD3F932120E86FF500453DD1 /* MASConstraint+Private.h */ = {isa = PBXFileReference; fileEncoding = 4; lastKnownFileType = sourcecode.c.h; path = "MASConstraint+Private.h"; sourceTree = "<group>"; };
		CD3F932220E86FF500453DD1 /* MASConstraint.h */ = {isa = PBXFileReference; fileEncoding = 4; lastKnownFileType = sourcecode.c.h; path = MASConstraint.h; sourceTree = "<group>"; };
		CD3F932320E86FF500453DD1 /* MASConstraint.m */ = {isa = PBXFileReference; fileEncoding = 4; lastKnownFileType = sourcecode.c.objc; path = MASConstraint.m; sourceTree = "<group>"; };
		CD3F932420E86FF500453DD1 /* MASConstraintMaker.h */ = {isa = PBXFileReference; fileEncoding = 4; lastKnownFileType = sourcecode.c.h; path = MASConstraintMaker.h; sourceTree = "<group>"; };
		CD3F932520E86FF500453DD1 /* MASConstraintMaker.m */ = {isa = PBXFileReference; fileEncoding = 4; lastKnownFileType = sourcecode.c.objc; path = MASConstraintMaker.m; sourceTree = "<group>"; };
		CD3F932620E86FF500453DD1 /* MASLayoutConstraint.h */ = {isa = PBXFileReference; fileEncoding = 4; lastKnownFileType = sourcecode.c.h; path = MASLayoutConstraint.h; sourceTree = "<group>"; };
		CD3F932720E86FF500453DD1 /* MASLayoutConstraint.m */ = {isa = PBXFileReference; fileEncoding = 4; lastKnownFileType = sourcecode.c.objc; path = MASLayoutConstraint.m; sourceTree = "<group>"; };
		CD3F932820E86FF500453DD1 /* Masonry.h */ = {isa = PBXFileReference; fileEncoding = 4; lastKnownFileType = sourcecode.c.h; path = Masonry.h; sourceTree = "<group>"; };
		CD3F932920E86FF500453DD1 /* MASUtilities.h */ = {isa = PBXFileReference; fileEncoding = 4; lastKnownFileType = sourcecode.c.h; path = MASUtilities.h; sourceTree = "<group>"; };
		CD3F932A20E86FF500453DD1 /* MASViewAttribute.h */ = {isa = PBXFileReference; fileEncoding = 4; lastKnownFileType = sourcecode.c.h; path = MASViewAttribute.h; sourceTree = "<group>"; };
		CD3F932B20E86FF500453DD1 /* MASViewAttribute.m */ = {isa = PBXFileReference; fileEncoding = 4; lastKnownFileType = sourcecode.c.objc; path = MASViewAttribute.m; sourceTree = "<group>"; };
		CD3F932C20E86FF500453DD1 /* MASViewConstraint.h */ = {isa = PBXFileReference; fileEncoding = 4; lastKnownFileType = sourcecode.c.h; path = MASViewConstraint.h; sourceTree = "<group>"; };
		CD3F932D20E86FF500453DD1 /* MASViewConstraint.m */ = {isa = PBXFileReference; fileEncoding = 4; lastKnownFileType = sourcecode.c.objc; path = MASViewConstraint.m; sourceTree = "<group>"; };
		CD3F932E20E86FF500453DD1 /* NSArray+MASAdditions.h */ = {isa = PBXFileReference; fileEncoding = 4; lastKnownFileType = sourcecode.c.h; path = "NSArray+MASAdditions.h"; sourceTree = "<group>"; };
		CD3F932F20E86FF500453DD1 /* NSArray+MASAdditions.m */ = {isa = PBXFileReference; fileEncoding = 4; lastKnownFileType = sourcecode.c.objc; path = "NSArray+MASAdditions.m"; sourceTree = "<group>"; };
		CD3F933020E86FF500453DD1 /* NSArray+MASShorthandAdditions.h */ = {isa = PBXFileReference; fileEncoding = 4; lastKnownFileType = sourcecode.c.h; path = "NSArray+MASShorthandAdditions.h"; sourceTree = "<group>"; };
		CD3F933120E86FF500453DD1 /* NSLayoutConstraint+MASDebugAdditions.h */ = {isa = PBXFileReference; fileEncoding = 4; lastKnownFileType = sourcecode.c.h; path = "NSLayoutConstraint+MASDebugAdditions.h"; sourceTree = "<group>"; };
		CD3F933220E86FF500453DD1 /* NSLayoutConstraint+MASDebugAdditions.m */ = {isa = PBXFileReference; fileEncoding = 4; lastKnownFileType = sourcecode.c.objc; path = "NSLayoutConstraint+MASDebugAdditions.m"; sourceTree = "<group>"; };
		CD3F933320E86FF500453DD1 /* View+MASAdditions.h */ = {isa = PBXFileReference; fileEncoding = 4; lastKnownFileType = sourcecode.c.h; path = "View+MASAdditions.h"; sourceTree = "<group>"; };
		CD3F933420E86FF500453DD1 /* View+MASAdditions.m */ = {isa = PBXFileReference; fileEncoding = 4; lastKnownFileType = sourcecode.c.objc; path = "View+MASAdditions.m"; sourceTree = "<group>"; };
		CD3F933520E86FF500453DD1 /* View+MASShorthandAdditions.h */ = {isa = PBXFileReference; fileEncoding = 4; lastKnownFileType = sourcecode.c.h; path = "View+MASShorthandAdditions.h"; sourceTree = "<group>"; };
		CD3F933620E86FF500453DD1 /* ViewController+MASAdditions.h */ = {isa = PBXFileReference; fileEncoding = 4; lastKnownFileType = sourcecode.c.h; path = "ViewController+MASAdditions.h"; sourceTree = "<group>"; };
		CD3F933720E86FF500453DD1 /* ViewController+MASAdditions.m */ = {isa = PBXFileReference; fileEncoding = 4; lastKnownFileType = sourcecode.c.objc; path = "ViewController+MASAdditions.m"; sourceTree = "<group>"; };
		CD3F934320E8742E00453DD1 /* myAutolayView.h */ = {isa = PBXFileReference; fileEncoding = 4; lastKnownFileType = sourcecode.c.h; path = myAutolayView.h; sourceTree = "<group>"; };
		CD3F934420E8742E00453DD1 /* myAutolayView.m */ = {isa = PBXFileReference; fileEncoding = 4; lastKnownFileType = sourcecode.c.objc; path = myAutolayView.m; sourceTree = "<group>"; };
		CD3F934620E8B26000453DD1 /* tt.h */ = {isa = PBXFileReference; fileEncoding = 4; lastKnownFileType = sourcecode.c.h; path = tt.h; sourceTree = "<group>"; };
		CD3F934720E8B26000453DD1 /* tt.m */ = {isa = PBXFileReference; fileEncoding = 4; lastKnownFileType = sourcecode.c.objc; path = tt.m; sourceTree = "<group>"; };
/* End PBXFileReference section */

/* Begin PBXFrameworksBuildPhase section */
		CD3F92FD20E86FE600453DD1 /* Frameworks */ = {
			isa = PBXFrameworksBuildPhase;
			buildActionMask = 2147483647;
			files = (
			);
			runOnlyForDeploymentPostprocessing = 0;
		};
/* End PBXFrameworksBuildPhase section */

/* Begin PBXGroup section */
		CD3F92F720E86FE600453DD1 = {
			isa = PBXGroup;
			children = (
				CD3F931D20E86FF500453DD1 /* Masonry */,
				CD3F930220E86FE600453DD1 /* testautolay */,
				CD3F930120E86FE600453DD1 /* Products */,
			);
			sourceTree = "<group>";
		};
		CD3F930120E86FE600453DD1 /* Products */ = {
			isa = PBXGroup;
			children = (
				CD3F930020E86FE600453DD1 /* testautolay.app */,
			);
			name = Products;
			sourceTree = "<group>";
		};
		CD3F930220E86FE600453DD1 /* testautolay */ = {
			isa = PBXGroup;
			children = (
				CD3F930620E86FE600453DD1 /* AppDelegate.h */,
				CD3F930720E86FE600453DD1 /* AppDelegate.m */,
				CD3F930920E86FE600453DD1 /* ViewController.h */,
				CD3F930A20E86FE600453DD1 /* ViewController.m */,
				CD3F930C20E86FE600453DD1 /* Main.storyboard */,
				CD3F931220E86FE600453DD1 /* Assets.xcassets */,
				CD3F931420E86FE600453DD1 /* LaunchScreen.storyboard */,
				CD3F931720E86FE600453DD1 /* Info.plist */,
				CD3F930F20E86FE600453DD1 /* testautolay.xcdatamodeld */,
				CD3F930320E86FE600453DD1 /* Supporting Files */,
				CD3F934320E8742E00453DD1 /* myAutolayView.h */,
				CD3F934420E8742E00453DD1 /* myAutolayView.m */,
				CD3F934620E8B26000453DD1 /* tt.h */,
				CD3F934720E8B26000453DD1 /* tt.m */,
			);
			path = testautolay;
			sourceTree = "<group>";
		};
		CD3F930320E86FE600453DD1 /* Supporting Files */ = {
			isa = PBXGroup;
			children = (
				CD3F930420E86FE600453DD1 /* main.m */,
			);
			name = "Supporting Files";
			sourceTree = "<group>";
		};
		CD3F931D20E86FF500453DD1 /* Masonry */ = {
			isa = PBXGroup;
			children = (
				CD3F931E20E86FF500453DD1 /* Info.plist */,
				CD3F931F20E86FF500453DD1 /* MASCompositeConstraint.h */,
				CD3F932020E86FF500453DD1 /* MASCompositeConstraint.m */,
				CD3F932120E86FF500453DD1 /* MASConstraint+Private.h */,
				CD3F932220E86FF500453DD1 /* MASConstraint.h */,
				CD3F932320E86FF500453DD1 /* MASConstraint.m */,
				CD3F932420E86FF500453DD1 /* MASConstraintMaker.h */,
				CD3F932520E86FF500453DD1 /* MASConstraintMaker.m */,
				CD3F932620E86FF500453DD1 /* MASLayoutConstraint.h */,
				CD3F932720E86FF500453DD1 /* MASLayoutConstraint.m */,
				CD3F932820E86FF500453DD1 /* Masonry.h */,
				CD3F932920E86FF500453DD1 /* MASUtilities.h */,
				CD3F932A20E86FF500453DD1 /* MASViewAttribute.h */,
				CD3F932B20E86FF500453DD1 /* MASViewAttribute.m */,
				CD3F932C20E86FF500453DD1 /* MASViewConstraint.h */,
				CD3F932D20E86FF500453DD1 /* MASViewConstraint.m */,
				CD3F932E20E86FF500453DD1 /* NSArray+MASAdditions.h */,
				CD3F932F20E86FF500453DD1 /* NSArray+MASAdditions.m */,
				CD3F933020E86FF500453DD1 /* NSArray+MASShorthandAdditions.h */,
				CD3F933120E86FF500453DD1 /* NSLayoutConstraint+MASDebugAdditions.h */,
				CD3F933220E86FF500453DD1 /* NSLayoutConstraint+MASDebugAdditions.m */,
				CD3F933320E86FF500453DD1 /* View+MASAdditions.h */,
				CD3F933420E86FF500453DD1 /* View+MASAdditions.m */,
				CD3F933520E86FF500453DD1 /* View+MASShorthandAdditions.h */,
				CD3F933620E86FF500453DD1 /* ViewController+MASAdditions.h */,
				CD3F933720E86FF500453DD1 /* ViewController+MASAdditions.m */,
			);
			path = Masonry;
			sourceTree = "<group>";
		};
/* End PBXGroup section */

/* Begin PBXNativeTarget section */
		CD3F92FF20E86FE600453DD1 /* testautolay */ = {
			isa = PBXNativeTarget;
			buildConfigurationList = CD3F931A20E86FE600453DD1 /* Build configuration list for PBXNativeTarget "testautolay" */;
			buildPhases = (
				CD3F92FC20E86FE600453DD1 /* Sources */,
				CD3F92FD20E86FE600453DD1 /* Frameworks */,
				CD3F92FE20E86FE600453DD1 /* Resources */,
			);
			buildRules = (
			);
			dependencies = (
			);
			name = testautolay;
			productName = testautolay;
			productReference = CD3F930020E86FE600453DD1 /* testautolay.app */;
			productType = "com.apple.product-type.application";
		};
/* End PBXNativeTarget section */

/* Begin PBXProject section */
		CD3F92F820E86FE600453DD1 /* Project object */ = {
			isa = PBXProject;
			attributes = {
				LastUpgradeCheck = 0730;
				ORGANIZATIONNAME = liangshun;
				TargetAttributes = {
					CD3F92FF20E86FE600453DD1 = {
						CreatedOnToolsVersion = 7.3.1;
					};
				};
			};
			buildConfigurationList = CD3F92FB20E86FE600453DD1 /* Build configuration list for PBXProject "testautolay" */;
			compatibilityVersion = "Xcode 3.2";
			developmentRegion = English;
			hasScannedForEncodings = 0;
			knownRegions = (
				en,
				Base,
			);
			mainGroup = CD3F92F720E86FE600453DD1;
			productRefGroup = CD3F930120E86FE600453DD1 /* Products */;
			projectDirPath = "";
			projectRoot = "";
			targets = (
				CD3F92FF20E86FE600453DD1 /* testautolay */,
			);
		};
/* End PBXProject section */

/* Begin PBXResourcesBuildPhase section */
		CD3F92FE20E86FE600453DD1 /* Resources */ = {
			isa = PBXResourcesBuildPhase;
			buildActionMask = 2147483647;
			files = (
				CD3F933820E86FF500453DD1 /* Info.plist in Resources */,
				CD3F931620E86FE600453DD1 /* LaunchScreen.storyboard in Resources */,
				CD3F931320E86FE600453DD1 /* Assets.xcassets in Resources */,
				CD3F930E20E86FE600453DD1 /* Main.storyboard in Resources */,
			);
			runOnlyForDeploymentPostprocessing = 0;
		};
/* End PBXResourcesBuildPhase section */

/* Begin PBXSourcesBuildPhase section */
		CD3F92FC20E86FE600453DD1 /* Sources */ = {
			isa = PBXSourcesBuildPhase;
			buildActionMask = 2147483647;
			files = (
				CD3F933B20E86FF500453DD1 /* MASConstraintMaker.m in Sources */,
				CD3F930B20E86FE600453DD1 /* ViewController.m in Sources */,
				CD3F930820E86FE600453DD1 /* AppDelegate.m in Sources */,
				CD3F933A20E86FF500453DD1 /* MASConstraint.m in Sources */,
				CD3F934520E8742E00453DD1 /* myAutolayView.m in Sources */,
				CD3F934220E86FF500453DD1 /* ViewController+MASAdditions.m in Sources */,
				CD3F933C20E86FF500453DD1 /* MASLayoutConstraint.m in Sources */,
				CD3F934820E8B26000453DD1 /* tt.m in Sources */,
				CD3F933F20E86FF500453DD1 /* NSArray+MASAdditions.m in Sources */,
				CD3F933E20E86FF500453DD1 /* MASViewConstraint.m in Sources */,
				CD3F933D20E86FF500453DD1 /* MASViewAttribute.m in Sources */,
				CD3F934120E86FF500453DD1 /* View+MASAdditions.m in Sources */,
				CD3F930520E86FE600453DD1 /* main.m in Sources */,
				CD3F931120E86FE600453DD1 /* testautolay.xcdatamodeld in Sources */,
				CD3F933920E86FF500453DD1 /* MASCompositeConstraint.m in Sources */,
				CD3F934020E86FF500453DD1 /* NSLayoutConstraint+MASDebugAdditions.m in Sources */,
			);
			runOnlyForDeploymentPostprocessing = 0;
		};
/* End PBXSourcesBuildPhase section */

/* Begin PBXVariantGroup section */
		CD3F930C20E86FE600453DD1 /* Main.storyboard */ = {
			isa = PBXVariantGroup;
			children = (
				CD3F930D20E86FE600453DD1 /* Base */,
			);
			name = Main.storyboard;
			sourceTree = "<group>";
		};
		CD3F931420E86FE600453DD1 /* LaunchScreen.storyboard */ = {
			isa = PBXVariantGroup;
			children = (
				CD3F931520E86FE600453DD1 /* Base */,
			);
			name = LaunchScreen.storyboard;
			sourceTree = "<group>";
		};
/* End PBXVariantGroup section */

/* Begin XCBuildConfiguration section */
		CD3F931820E86FE600453DD1 /* Debug */ = {
			isa = XCBuildConfiguration;
			buildSettings = {
				ALWAYS_SEARCH_USER_PATHS = NO;
				CLANG_ANALYZER_NONNULL = YES;
				CLANG_CXX_LANGUAGE_STANDARD = "gnu++0x";
				CLANG_CXX_LIBRARY = "libc++";
				CLANG_ENABLE_MODULES = YES;
				CLANG_ENABLE_OBJC_ARC = YES;
				CLANG_WARN_BOOL_CONVERSION = YES;
				CLANG_WARN_CONSTANT_CONVERSION = YES;
				CLANG_WARN_DIRECT_OBJC_ISA_USAGE = YES_ERROR;
				CLANG_WARN_EMPTY_BODY = YES;
				CLANG_WARN_ENUM_CONVERSION = YES;
				CLANG_WARN_INT_CONVERSION = YES;
				CLANG_WARN_OBJC_ROOT_CLASS = YES_ERROR;
				CLANG_WARN_UNREACHABLE_CODE = YES;
				CLANG_WARN__DUPLICATE_METHOD_MATCH = YES;
				"CODE_SIGN_IDENTITY[sdk=iphoneos*]" = "iPhone Developer";
				COPY_PHASE_STRIP = NO;
				DEBUG_INFORMATION_FORMAT = dwarf;
				ENABLE_STRICT_OBJC_MSGSEND = YES;
				ENABLE_TESTABILITY = YES;
				GCC_C_LANGUAGE_STANDARD = gnu99;
				GCC_DYNAMIC_NO_PIC = NO;
				GCC_NO_COMMON_BLOCKS = YES;
				GCC_OPTIMIZATION_LEVEL = 0;
				GCC_PREPROCESSOR_DEFINITIONS = (
					"DEBUG=1",
					"$(inherited)",
				);
				GCC_WARN_64_TO_32_BIT_CONVERSION = YES;
				GCC_WARN_ABOUT_RETURN_TYPE = YES_ERROR;
				GCC_WARN_UNDECLARED_SELECTOR = YES;
				GCC_WARN_UNINITIALIZED_AUTOS = YES_AGGRESSIVE;
				GCC_WARN_UNUSED_FUNCTION = YES;
				GCC_WARN_UNUSED_VARIABLE = YES;
				IPHONEOS_DEPLOYMENT_TARGET = 9.3;
				MTL_ENABLE_DEBUG_INFO = YES;
				ONLY_ACTIVE_ARCH = YES;
				SDKROOT = iphoneos;
				TARGETED_DEVICE_FAMILY = "1,2";
			};
			name = Debug;
		};
		CD3F931920E86FE600453DD1 /* Release */ = {
			isa = XCBuildConfiguration;
			buildSettings = {
				ALWAYS_SEARCH_USER_PATHS = NO;
				CLANG_ANALYZER_NONNULL = YES;
				CLANG_CXX_LANGUAGE_STANDARD = "gnu++0x";
				CLANG_CXX_LIBRARY = "libc++";
				CLANG_ENABLE_MODULES = YES;
				CLANG_ENABLE_OBJC_ARC = YES;
				CLANG_WARN_BOOL_CONVERSION = YES;
				CLANG_WARN_CONSTANT_CONVERSION = YES;
				CLANG_WARN_DIRECT_OBJC_ISA_USAGE = YES_ERROR;
				CLANG_WARN_EMPTY_BODY = YES;
				CLANG_WARN_ENUM_CONVERSION = YES;
				CLANG_WARN_INT_CONVERSION = YES;
				CLANG_WARN_OBJC_ROOT_CLASS = YES_ERROR;
				CLANG_WARN_UNREACHABLE_CODE = YES;
				CLANG_WARN__DUPLICATE_METHOD_MATCH = YES;
				"CODE_SIGN_IDENTITY[sdk=iphoneos*]" = "iPhone Developer";
				COPY_PHASE_STRIP = NO;
				DEBUG_INFORMATION_FORMAT = "dwarf-with-dsym";
				ENABLE_NS_ASSERTIONS = NO;
				ENABLE_STRICT_OBJC_MSGSEND = YES;
				GCC_C_LANGUAGE_STANDARD = gnu99;
				GCC_NO_COMMON_BLOCKS = YES;
				GCC_WARN_64_TO_32_BIT_CONVERSION = YES;
				GCC_WARN_ABOUT_RETURN_TYPE = YES_ERROR;
				GCC_WARN_UNDECLARED_SELECTOR = YES;
				GCC_WARN_UNINITIALIZED_AUTOS = YES_AGGRESSIVE;
				GCC_WARN_UNUSED_FUNCTION = YES;
				GCC_WARN_UNUSED_VARIABLE = YES;
				IPHONEOS_DEPLOYMENT_TARGET = 9.3;
				MTL_ENABLE_DEBUG_INFO = NO;
				SDKROOT = iphoneos;
				TARGETED_DEVICE_FAMILY = "1,2";
				VALIDATE_PRODUCT = YES;
			};
			name = Release;
		};
		CD3F931B20E86FE600453DD1 /* Debug */ = {
			isa = XCBuildConfiguration;
			buildSettings = {
				ASSETCATALOG_COMPILER_APPICON_NAME = AppIcon;
				INFOPLIST_FILE = testautolay/Info.plist;
				LD_RUNPATH_SEARCH_PATHS = "$(inherited) @executable_path/Frameworks";
				PRODUCT_BUNDLE_IDENTIFIER = com.lybird.testautolay;
				PRODUCT_NAME = "$(TARGET_NAME)";
			};
			name = Debug;
		};
		CD3F931C20E86FE600453DD1 /* Release */ = {
			isa = XCBuildConfiguration;
			buildSettings = {
				ASSETCATALOG_COMPILER_APPICON_NAME = AppIcon;
				INFOPLIST_FILE = testautolay/Info.plist;
				LD_RUNPATH_SEARCH_PATHS = "$(inherited) @executable_path/Frameworks";
				PRODUCT_BUNDLE_IDENTIFIER = com.lybird.testautolay;
				PRODUCT_NAME = "$(TARGET_NAME)";
			};
			name = Release;
		};
/* End XCBuildConfiguration section */

/* Begin XCConfigurationList section */
		CD3F92FB20E86FE600453DD1 /* Build configuration list for PBXProject "testautolay" */ = {
			isa = XCConfigurationList;
			buildConfigurations = (
				CD3F931820E86FE600453DD1 /* Debug */,
				CD3F931920E86FE600453DD1 /* Release */,
			);
			defaultConfigurationIsVisible = 0;
			defaultConfigurationName = Release;
		};
		CD3F931A20E86FE600453DD1 /* Build configuration list for PBXNativeTarget "testautolay" */ = {
			isa = XCConfigurationList;
			buildConfigurations = (
				CD3F931B20E86FE600453DD1 /* Debug */,
				CD3F931C20E86FE600453DD1 /* Release */,
			);
			defaultConfigurationIsVisible = 0;
		};
/* End XCConfigurationList section */

/* Begin XCVersionGroup section */
		CD3F930F20E86FE600453DD1 /* testautolay.xcdatamodeld */ = {
			isa = XCVersionGroup;
			children = (
				CD3F931020E86FE600453DD1 /* testautolay.xcdatamodel */,
			);
			currentVersion = CD3F931020E86FE600453DD1 /* testautolay.xcdatamodel */;
			path = testautolay.xcdatamodeld;
			sourceTree = "<group>";
			versionGroupType = wrapper.xcdatamodel;
		};
/* End XCVersionGroup section */
	};
	rootObject = CD3F92F820E86FE600453DD1 /* Project object */;
}
